
Microsoft Visual Studio Solution File, Format Version 12.00
# Visual Studio Version 16
VisualStudioVersion = 16.0.30523.141
MinimumVisualStudioVersion = 10.0.40219.1
Project("{FAE04EC0-301F-11D3-BF4B-00C04F79EFBC}") = "BlenderRenderFarm", "BlenderRenderFarm\BlenderRenderFarm.csproj", "{1B3214D5-C0A7-4DF9-AA6A-CD5A05D8F4F9}"
EndProject
Global
	GlobalSection(SolutionConfigurationPlatforms) = preSolution
		Debug|Any CPU = Debug|Any CPU
		Release|Any CPU = Release|Any CPU
	EndGlobalSection
	GlobalSection(ProjectConfigurationPlatforms) = postSolution
		{1B3214D5-C0A7-4DF9-AA6A-CD5A05D8F4F9}.Debug|Any CPU.ActiveCfg = Debug|Any CPU
		{1B3214D5-C0A7-4DF9-AA6A-CD5A05D8F4F9}.Debug|Any CPU.Build.0 = Debug|Any CPU
		{1B3214D5-C0A7-4DF9-AA6A-CD5A05D8F4F9}.Release|Any CPU.ActiveCfg = Release|Any CPU
		{1B3214D5-C0A7-4DF9-AA6A-CD5A05D8F4F9}.Release|Any CPU.Build.0 = Release|Any CPU
	EndGlobalSection
	GlobalSection(SolutionProperties) = preSolution
		HideSolutionNode = FALSE
	EndGlobalSection
	GlobalSection(ExtensibilityGlobals) = postSolution
		SolutionGuid = {C2756609-F093-496F-BE0B-CE2F42EF992B}
	EndGlobalSection
EndGlobal
